
Microsoft Visual Studio Solution File, Format Version 12.00
# Visual Studio 14
VisualStudioVersion = 14.0.25123.0
MinimumVisualStudioVersion = 10.0.40219.1
Project("{6989167D-11E4-40FE-8C1A-2192A86A7E90}") = "tinker", "tinker\tinker.vfproj", "{3DC4A51F-2D6E-4B9D-8F2F-0FA0F27CE336}"
EndProject
Project("{6989167D-11E4-40FE-8C1A-2192A86A7E90}") = "analyze", "analyze\analyze.vfproj", "{527A31FE-543E-4767-B8BC-09D24533927A}"
	ProjectSection(ProjectDependencies) = postProject
		{3DC4A51F-2D6E-4B9D-8F2F-0FA0F27CE336} = {3DC4A51F-2D6E-4B9D-8F2F-0FA0F27CE336}
	EndProjectSection
EndProject
Project("{6989167D-11E4-40FE-8C1A-2192A86A7E90}") = "dynamics", "dynamics\dynamics.vfproj", "{4E7E8D48-4978-4033-B1ED-5C04846D5859}"
	ProjectSection(ProjectDependencies) = postProject
		{3DC4A51F-2D6E-4B9D-8F2F-0FA0F27CE336} = {3DC4A51F-2D6E-4B9D-8F2F-0FA0F27CE336}
	EndProjectSection
EndProject
Global
	GlobalSection(SolutionConfigurationPlatforms) = preSolution
		Debug|x64 = Debug|x64
		Debug|x86 = Debug|x86
		Release|x64 = Release|x64
		Release|x86 = Release|x86
	EndGlobalSection
	GlobalSection(ProjectConfigurationPlatforms) = postSolution
		{3DC4A51F-2D6E-4B9D-8F2F-0FA0F27CE336}.Debug|x64.ActiveCfg = Debug|x64
		{3DC4A51F-2D6E-4B9D-8F2F-0FA0F27CE336}.Debug|x64.Build.0 = Debug|x64
		{3DC4A51F-2D6E-4B9D-8F2F-0FA0F27CE336}.Debug|x86.ActiveCfg = Debug|x64
		{3DC4A51F-2D6E-4B9D-8F2F-0FA0F27CE336}.Release|x64.ActiveCfg = Release|x64
		{3DC4A51F-2D6E-4B9D-8F2F-0FA0F27CE336}.Release|x64.Build.0 = Release|x64
		{3DC4A51F-2D6E-4B9D-8F2F-0FA0F27CE336}.Release|x86.ActiveCfg = Release|x64
		{527A31FE-543E-4767-B8BC-09D24533927A}.Debug|x64.ActiveCfg = Debug|x64
		{527A31FE-543E-4767-B8BC-09D24533927A}.Debug|x64.Build.0 = Debug|x64
		{527A31FE-543E-4767-B8BC-09D24533927A}.Debug|x86.ActiveCfg = Debug|x64
		{527A31FE-543E-4767-B8BC-09D24533927A}.Release|x64.ActiveCfg = Release|x64
		{527A31FE-543E-4767-B8BC-09D24533927A}.Release|x64.Build.0 = Release|x64
		{527A31FE-543E-4767-B8BC-09D24533927A}.Release|x86.ActiveCfg = Release|x64
		{4E7E8D48-4978-4033-B1ED-5C04846D5859}.Debug|x64.ActiveCfg = Debug|x64
		{4E7E8D48-4978-4033-B1ED-5C04846D5859}.Debug|x64.Build.0 = Debug|x64
		{4E7E8D48-4978-4033-B1ED-5C04846D5859}.Debug|x86.ActiveCfg = Debug|x64
		{4E7E8D48-4978-4033-B1ED-5C04846D5859}.Release|x64.ActiveCfg = Release|x64
		{4E7E8D48-4978-4033-B1ED-5C04846D5859}.Release|x64.Build.0 = Release|x64
		{4E7E8D48-4978-4033-B1ED-5C04846D5859}.Release|x86.ActiveCfg = Release|x64
	EndGlobalSection
	GlobalSection(SolutionProperties) = preSolution
		HideSolutionNode = FALSE
	EndGlobalSection
EndGlobal
